
Microsoft Visual Studio Solution File, Format Version 12.00
# Visual Studio Version 17
VisualStudioVersion = 17.3.32901.215
MinimumVisualStudioVersion = 10.0.40219.1
Project("{FAE04EC0-301F-11D3-BF4B-00C04F79EFBC}") = "animals", "animals\animals.csproj", "{61CE8810-8BFB-45D3-82C3-02E18B2F6C6B}"
EndProject
Global
	GlobalSection(SolutionConfigurationPlatforms) = preSolution
		Debug|Any CPU = Debug|Any CPU
		Release|Any CPU = Release|Any CPU
	EndGlobalSection
	GlobalSection(ProjectConfigurationPlatforms) = postSolution
		{61CE8810-8BFB-45D3-82C3-02E18B2F6C6B}.Debug|Any CPU.ActiveCfg = Debug|Any CPU
		{61CE8810-8BFB-45D3-82C3-02E18B2F6C6B}.Debug|Any CPU.Build.0 = Debug|Any CPU
		{61CE8810-8BFB-45D3-82C3-02E18B2F6C6B}.Release|Any CPU.ActiveCfg = Release|Any CPU
		{61CE8810-8BFB-45D3-82C3-02E18B2F6C6B}.Release|Any CPU.Build.0 = Release|Any CPU
	EndGlobalSection
	GlobalSection(SolutionProperties) = preSolution
		HideSolutionNode = FALSE
	EndGlobalSection
	GlobalSection(ExtensibilityGlobals) = postSolution
		SolutionGuid = {2BCAA1CF-BBDD-4D88-9CDE-A027E426773C}
	EndGlobalSection
EndGlobal
